
Microsoft Visual Studio Solution File, Format Version 12.00
# Visual Studio Version 17
VisualStudioVersion = 17.14.36408.4 d17.14
MinimumVisualStudioVersion = 10.0.40219.1
Project("{FAE04EC0-301F-11D3-BF4B-00C04F79EFBC}") = "LVQ_231230881_de01", "LVQ_231230881_de01\LVQ_231230881_de01.csproj", "{E8B6B078-1EC6-447B-A218-5C1F929BC3B5}"
EndProject
Global
	GlobalSection(SolutionConfigurationPlatforms) = preSolution
		Debug|Any CPU = Debug|Any CPU
		Release|Any CPU = Release|Any CPU
	EndGlobalSection
	GlobalSection(ProjectConfigurationPlatforms) = postSolution
		{E8B6B078-1EC6-447B-A218-5C1F929BC3B5}.Debug|Any CPU.ActiveCfg = Debug|Any CPU
		{E8B6B078-1EC6-447B-A218-5C1F929BC3B5}.Debug|Any CPU.Build.0 = Debug|Any CPU
		{E8B6B078-1EC6-447B-A218-5C1F929BC3B5}.Release|Any CPU.ActiveCfg = Release|Any CPU
		{E8B6B078-1EC6-447B-A218-5C1F929BC3B5}.Release|Any CPU.Build.0 = Release|Any CPU
	EndGlobalSection
	GlobalSection(SolutionProperties) = preSolution
		HideSolutionNode = FALSE
	EndGlobalSection
	GlobalSection(ExtensibilityGlobals) = postSolution
		SolutionGuid = {E6427821-BAF0-4A5F-9FFA-C4A81B6738AE}
	EndGlobalSection
EndGlobal
