
Microsoft Visual Studio Solution File, Format Version 12.00
# Visual Studio Version 17
VisualStudioVersion = 17.14.36408.4 d17.14
MinimumVisualStudioVersion = 10.0.40219.1
Project("{FAE04EC0-301F-11D3-BF4B-00C04F79EFBC}") = "Film", "Film\Film.csproj", "{7CE9FB9B-7C00-4554-A43C-E1F14B903867}"
EndProject
Global
	GlobalSection(SolutionConfigurationPlatforms) = preSolution
		Debug|Any CPU = Debug|Any CPU
		Release|Any CPU = Release|Any CPU
	EndGlobalSection
	GlobalSection(ProjectConfigurationPlatforms) = postSolution
		{7CE9FB9B-7C00-4554-A43C-E1F14B903867}.Debug|Any CPU.ActiveCfg = Debug|Any CPU
		{7CE9FB9B-7C00-4554-A43C-E1F14B903867}.Debug|Any CPU.Build.0 = Debug|Any CPU
		{7CE9FB9B-7C00-4554-A43C-E1F14B903867}.Release|Any CPU.ActiveCfg = Release|Any CPU
		{7CE9FB9B-7C00-4554-A43C-E1F14B903867}.Release|Any CPU.Build.0 = Release|Any CPU
	EndGlobalSection
	GlobalSection(SolutionProperties) = preSolution
		HideSolutionNode = FALSE
	EndGlobalSection
	GlobalSection(ExtensibilityGlobals) = postSolution
		SolutionGuid = {6D70C0BB-C943-4BFC-8579-F15287202CA1}
	EndGlobalSection
EndGlobal
