
Microsoft Visual Studio Solution File, Format Version 12.00
# Visual Studio Version 17
VisualStudioVersion = 17.14.36408.4 d17.14
MinimumVisualStudioVersion = 10.0.40219.1
Project("{FAE04EC0-301F-11D3-BF4B-00C04F79EFBC}") = "Web_Table01", "Web_Table01\Web_Table01.csproj", "{22F9211B-E6DC-4A88-89B8-665E72D1D4B1}"
EndProject
Global
	GlobalSection(SolutionConfigurationPlatforms) = preSolution
		Debug|Any CPU = Debug|Any CPU
		Release|Any CPU = Release|Any CPU
	EndGlobalSection
	GlobalSection(ProjectConfigurationPlatforms) = postSolution
		{22F9211B-E6DC-4A88-89B8-665E72D1D4B1}.Debug|Any CPU.ActiveCfg = Debug|Any CPU
		{22F9211B-E6DC-4A88-89B8-665E72D1D4B1}.Debug|Any CPU.Build.0 = Debug|Any CPU
		{22F9211B-E6DC-4A88-89B8-665E72D1D4B1}.Release|Any CPU.ActiveCfg = Release|Any CPU
		{22F9211B-E6DC-4A88-89B8-665E72D1D4B1}.Release|Any CPU.Build.0 = Release|Any CPU
	EndGlobalSection
	GlobalSection(SolutionProperties) = preSolution
		HideSolutionNode = FALSE
	EndGlobalSection
	GlobalSection(ExtensibilityGlobals) = postSolution
		SolutionGuid = {D52636B9-F643-4476-9B56-8348FCC863C6}
	EndGlobalSection
EndGlobal
