
Microsoft Visual Studio Solution File, Format Version 12.00
# Visual Studio Version 17
VisualStudioVersion = 17.14.36408.4 d17.14
MinimumVisualStudioVersion = 10.0.40219.1
Project("{FAE04EC0-301F-11D3-BF4B-00C04F79EFBC}") = "VatLieu", "VatLieu\VatLieu.csproj", "{D8D0AB65-4D51-4E68-981B-AB6939C6067B}"
EndProject
Global
	GlobalSection(SolutionConfigurationPlatforms) = preSolution
		Debug|Any CPU = Debug|Any CPU
		Release|Any CPU = Release|Any CPU
	EndGlobalSection
	GlobalSection(ProjectConfigurationPlatforms) = postSolution
		{D8D0AB65-4D51-4E68-981B-AB6939C6067B}.Debug|Any CPU.ActiveCfg = Debug|Any CPU
		{D8D0AB65-4D51-4E68-981B-AB6939C6067B}.Debug|Any CPU.Build.0 = Debug|Any CPU
		{D8D0AB65-4D51-4E68-981B-AB6939C6067B}.Release|Any CPU.ActiveCfg = Release|Any CPU
		{D8D0AB65-4D51-4E68-981B-AB6939C6067B}.Release|Any CPU.Build.0 = Release|Any CPU
	EndGlobalSection
	GlobalSection(SolutionProperties) = preSolution
		HideSolutionNode = FALSE
	EndGlobalSection
	GlobalSection(ExtensibilityGlobals) = postSolution
		SolutionGuid = {BC626FF4-8251-4323-8A76-3D1D9C122075}
	EndGlobalSection
EndGlobal
